{
  "version": "3",
  "packages": {
    "specifiers": {
      "jsr:@henrygd/queue@^1.0.7": "jsr:@henrygd/queue@1.0.7",
      "jsr:@pgflow/edge-worker@0.6.1": "jsr:@pgflow/edge-worker@0.6.1",
      "npm:@ai-sdk/openai@latest": "npm:@ai-sdk/openai@2.0.30_zod@4.1.8",
      "npm:@pgflow/core@0.6.1": "npm:@pgflow/core@0.6.1",
      "npm:@pgflow/dsl@0.6.1": "npm:@pgflow/dsl@0.6.1",
      "npm:@supabase/supabase-js@^2.47.10": "npm:@supabase/supabase-js@2.57.4",
      "npm:ai@latest": "npm:ai@5.0.44_zod@4.1.8",
      "npm:postgres@3.4.5": "npm:postgres@3.4.5",
      "npm:zod@latest": "npm:zod@4.1.8"
    },
    "jsr": {
      "@henrygd/queue@1.0.7": {
        "integrity": "98cade132744bb420957c5413393f76eb8ba7261826f026c8a89a562b8fa2961"
      },
      "@pgflow/edge-worker@0.6.1": {
        "integrity": "fbd7b42b610f1afab56adb0b9fe4fee05de7c24b2f02b1ae4f19b37cb1ec6793",
        "dependencies": [
          "jsr:@henrygd/queue@^1.0.7",
          "npm:@pgflow/core@0.6.1",
          "npm:@pgflow/dsl@0.6.1",
          "npm:@supabase/supabase-js@^2.47.10",
          "npm:postgres@3.4.5"
        ]
      }
    },
    "npm": {
      "@ai-sdk/gateway@1.0.23_zod@4.1.8": {
        "integrity": "sha512-ynV7WxpRK2zWLGkdOtrU2hW22mBVkEYVS3iMg1+ZGmAYSgzCqzC74bfOJZ2GU1UdcrFWUsFI9qAYjsPkd+AebA==",
        "dependencies": {
          "@ai-sdk/provider": "@ai-sdk/provider@2.0.0",
          "@ai-sdk/provider-utils": "@ai-sdk/provider-utils@3.0.9_zod@4.1.8",
          "zod": "zod@4.1.8"
        }
      },
      "@ai-sdk/openai@2.0.30_zod@4.1.8": {
        "integrity": "sha512-a9Vf64OT2dWEFyEGv+OxtCs69B18BsuzInvuyUxVPczbIiBLqUCt3zcD/8EwqbTPJwsFNsL8/9nbVZFmwA1+2A==",
        "dependencies": {
          "@ai-sdk/provider": "@ai-sdk/provider@2.0.0",
          "@ai-sdk/provider-utils": "@ai-sdk/provider-utils@3.0.9_zod@4.1.8",
          "zod": "zod@4.1.8"
        }
      },
      "@ai-sdk/provider-utils@3.0.9_zod@4.1.8": {
        "integrity": "sha512-Pm571x5efqaI4hf9yW4KsVlDBDme8++UepZRnq+kqVBWWjgvGhQlzU8glaFq0YJEB9kkxZHbRRyVeHoV2sRYaQ==",
        "dependencies": {
          "@ai-sdk/provider": "@ai-sdk/provider@2.0.0",
          "@standard-schema/spec": "@standard-schema/spec@1.0.0",
          "eventsource-parser": "eventsource-parser@3.0.6",
          "zod": "zod@4.1.8"
        }
      },
      "@ai-sdk/provider@2.0.0": {
        "integrity": "sha512-6o7Y2SeO9vFKB8lArHXehNuusnpddKPk7xqL7T2/b+OvXMRIXUO1rR4wcv1hAFUAT9avGZshty3Wlua/XA7TvA==",
        "dependencies": {
          "json-schema": "json-schema@0.4.0"
        }
      },
      "@opentelemetry/api@1.9.0": {
        "integrity": "sha512-3giAOQvZiH5F9bMlMiv8+GSPMeqg0dbaeo58/0SlA9sxSqZhnUtxzX9/2FzyhS9sWQf5S0GJE0AKBrFqjpeYcg==",
        "dependencies": {}
      },
      "@pgflow/core@0.6.1": {
        "integrity": "sha512-GFx3PAZht+X08ls7lwTqEozw7JFqr6uGH68eoBROf6Hn4ul0bZpsMh+cQgix0FMhUukFBO99mTF1+kLy9bCyWQ==",
        "dependencies": {
          "@pgflow/dsl": "@pgflow/dsl@0.6.1",
          "postgres": "postgres@3.4.5"
        }
      },
      "@pgflow/dsl@0.6.1": {
        "integrity": "sha512-Yu17ir5wvwB47CojX+/eCPMgP90jyE9q2OV+TvfDdyNUcofz2t4QET3vPC0ej+S3QeV5dM3bNM5sAYz0n/jTlA==",
        "dependencies": {}
      },
      "@standard-schema/spec@1.0.0": {
        "integrity": "sha512-m2bOd0f2RT9k8QJx1JN85cZYyH1RqFBdlwtkSlf4tBDYLCiiZnv1fIIwacK6cqwXavOydf0NPToMQgpKq+dVlA==",
        "dependencies": {}
      },
      "@supabase/auth-js@2.71.1": {
        "integrity": "sha512-mMIQHBRc+SKpZFRB2qtupuzulaUhFYupNyxqDj5Jp/LyPvcWvjaJzZzObv6URtL/O6lPxkanASnotGtNpS3H2Q==",
        "dependencies": {
          "@supabase/node-fetch": "@supabase/node-fetch@2.6.15"
        }
      },
      "@supabase/functions-js@2.4.6": {
        "integrity": "sha512-bhjZ7rmxAibjgmzTmQBxJU6ZIBCCJTc3Uwgvdi4FewueUTAGO5hxZT1Sj6tiD+0dSXf9XI87BDdJrg12z8Uaew==",
        "dependencies": {
          "@supabase/node-fetch": "@supabase/node-fetch@2.6.15"
        }
      },
      "@supabase/node-fetch@2.6.15": {
        "integrity": "sha512-1ibVeYUacxWYi9i0cf5efil6adJ9WRyZBLivgjs+AUpewx1F3xPi7gLgaASI2SmIQxPoCEjAsLAzKPgMJVgOUQ==",
        "dependencies": {
          "whatwg-url": "whatwg-url@5.0.0"
        }
      },
      "@supabase/postgrest-js@1.21.4": {
        "integrity": "sha512-TxZCIjxk6/dP9abAi89VQbWWMBbybpGWyvmIzTd79OeravM13OjR/YEYeyUOPcM1C3QyvXkvPZhUfItvmhY1IQ==",
        "dependencies": {
          "@supabase/node-fetch": "@supabase/node-fetch@2.6.15"
        }
      },
      "@supabase/realtime-js@2.15.5": {
        "integrity": "sha512-/Rs5Vqu9jejRD8ZeuaWXebdkH+J7V6VySbCZ/zQM93Ta5y3mAmocjioa/nzlB6qvFmyylUgKVS1KpE212t30OA==",
        "dependencies": {
          "@supabase/node-fetch": "@supabase/node-fetch@2.6.15",
          "@types/phoenix": "@types/phoenix@1.6.6",
          "@types/ws": "@types/ws@8.18.1",
          "ws": "ws@8.18.3"
        }
      },
      "@supabase/storage-js@2.12.1": {
        "integrity": "sha512-QWg3HV6Db2J81VQx0PqLq0JDBn4Q8B1FYn1kYcbla8+d5WDmTdwwMr+EJAxNOSs9W4mhKMv+EYCpCrTFlTj4VQ==",
        "dependencies": {
          "@supabase/node-fetch": "@supabase/node-fetch@2.6.15"
        }
      },
      "@supabase/supabase-js@2.57.4": {
        "integrity": "sha512-LcbTzFhHYdwfQ7TRPfol0z04rLEyHabpGYANME6wkQ/kLtKNmI+Vy+WEM8HxeOZAtByUFxoUTTLwhXmrh+CcVw==",
        "dependencies": {
          "@supabase/auth-js": "@supabase/auth-js@2.71.1",
          "@supabase/functions-js": "@supabase/functions-js@2.4.6",
          "@supabase/node-fetch": "@supabase/node-fetch@2.6.15",
          "@supabase/postgrest-js": "@supabase/postgrest-js@1.21.4",
          "@supabase/realtime-js": "@supabase/realtime-js@2.15.5",
          "@supabase/storage-js": "@supabase/storage-js@2.12.1"
        }
      },
      "@types/node@18.16.19": {
        "integrity": "sha512-IXl7o+R9iti9eBW4Wg2hx1xQDig183jj7YLn8F7udNceyfkbn1ZxmzZXuak20gR40D7pIkIY1kYGx5VIGbaHKA==",
        "dependencies": {}
      },
      "@types/phoenix@1.6.6": {
        "integrity": "sha512-PIzZZlEppgrpoT2QgbnDU+MMzuR6BbCjllj0bM70lWoejMeNJAxCchxnv7J3XFkI8MpygtRpzXrIlmWUBclP5A==",
        "dependencies": {}
      },
      "@types/ws@8.18.1": {
        "integrity": "sha512-ThVF6DCVhA8kUGy+aazFQ4kXQ7E1Ty7A3ypFOe0IcJV8O/M511G99AW24irKrW56Wt44yG9+ij8FaqoBGkuBXg==",
        "dependencies": {
          "@types/node": "@types/node@18.16.19"
        }
      },
      "ai@5.0.44_zod@4.1.8": {
        "integrity": "sha512-l/rdoM4LcRpsRBVvZQBwSU73oNoFGlWj+PcH86QRzxDGJgZqgGItWO0QcKjBNcLDmUjGN1VYd/8J0TAXHJleRQ==",
        "dependencies": {
          "@ai-sdk/gateway": "@ai-sdk/gateway@1.0.23_zod@4.1.8",
          "@ai-sdk/provider": "@ai-sdk/provider@2.0.0",
          "@ai-sdk/provider-utils": "@ai-sdk/provider-utils@3.0.9_zod@4.1.8",
          "@opentelemetry/api": "@opentelemetry/api@1.9.0",
          "zod": "zod@4.1.8"
        }
      },
      "eventsource-parser@3.0.6": {
        "integrity": "sha512-Vo1ab+QXPzZ4tCa8SwIHJFaSzy4R6SHf7BY79rFBDf0idraZWAkYrDjDj8uWaSm3S2TK+hJ7/t1CEmZ7jXw+pg==",
        "dependencies": {}
      },
      "json-schema@0.4.0": {
        "integrity": "sha512-es94M3nTIfsEPisRafak+HDLfHXnKBhV3vU5eqPcS3flIWqcxJWgXHXiey3YrpaNsanY5ei1VoYEbOzijuq9BA==",
        "dependencies": {}
      },
      "postgres@3.4.5": {
        "integrity": "sha512-cDWgoah1Gez9rN3H4165peY9qfpEo+SA61oQv65O3cRUE1pOEoJWwddwcqKE8XZYjbblOJlYDlLV4h67HrEVDg==",
        "dependencies": {}
      },
      "tr46@0.0.3": {
        "integrity": "sha512-N3WMsuqV66lT30CrXNbEjx4GEwlow3v6rr4mCcv6prnfwhS01rkgyFdjPNBYd9br7LpXV1+Emh01fHnq2Gdgrw==",
        "dependencies": {}
      },
      "webidl-conversions@3.0.1": {
        "integrity": "sha512-2JAn3z8AR6rjK8Sm8orRC0h/bcl/DqL7tRPdGZ4I1CjdF+EaMLmYxBHyXuKL849eucPFhvBoxMsflfOb8kxaeQ==",
        "dependencies": {}
      },
      "whatwg-url@5.0.0": {
        "integrity": "sha512-saE57nupxk6v3HY35+jzBwYa0rKSy0XR8JSxZPwgLr7ys0IBzhGviA1/TUGJLmSVqs8pb9AnvICXEuOHLprYTw==",
        "dependencies": {
          "tr46": "tr46@0.0.3",
          "webidl-conversions": "webidl-conversions@3.0.1"
        }
      },
      "ws@8.18.3": {
        "integrity": "sha512-PEIGCY5tSlUt50cqyMXfCzX+oOPqN0vuGqWzbcJ2xvnkzkq46oOpz7dQaTDBdfICb4N14+GARUDw2XV2N4tvzg==",
        "dependencies": {}
      },
      "zod@4.1.8": {
        "integrity": "sha512-5R1P+WwQqmmMIEACyzSvo4JXHY5WiAFHRMg+zBZKgKS+Q1viRa0C1hmUKtHltoIFKtIdki3pRxkmpP74jnNYHQ==",
        "dependencies": {}
      }
    }
  },
  "remote": {},
  "workspace": {
    "dependencies": [
      "jsr:@pgflow/edge-worker@0.6.1",
      "npm:@ai-sdk/openai@latest",
      "npm:@pgflow/dsl@0.6.1",
      "npm:ai@latest",
      "npm:postgres@3.4.5",
      "npm:zod@latest"
    ]
  }
}
