{
  "version": "4",
  "specifiers": {
    "jsr:@oscar6echo/postgres@3.4.5-d": "3.4.5-d",
    "npm:@ai-sdk/openai@latest": "3.0.1_zod@4.2.1",
    "npm:@pgflow/dsl@0.12.0": "0.12.0",
    "npm:ai@latest": "6.0.3_zod@4.2.1",
    "npm:zod@latest": "4.2.1"
  },
  "jsr": {
    "@oscar6echo/postgres@3.4.5-d": {
      "integrity": "0648f637e9ad2533637b7c377aa62aa4fcacad86f497664edd5962ab0f997c03"
    }
  },
  "npm": {
    "@ai-sdk/gateway@3.0.2_zod@4.2.1": {
      "integrity": "sha512-giJEg9ob45htbu3iautK+2kvplY2JnTj7ir4wZzYSQWvqGatWfBBfDuNCU5wSJt9BCGjymM5ZS9ziD42JGCZBw==",
      "dependencies": [
        "@ai-sdk/provider",
        "@ai-sdk/provider-utils",
        "@vercel/oidc",
        "zod"
      ]
    },
    "@ai-sdk/openai@3.0.1_zod@4.2.1": {
      "integrity": "sha512-P+qxz2diOrh8OrpqLRg+E+XIFVIKM3z2kFjABcCJGHjGbXBK88AJqmuKAi87qLTvTe/xn1fhZBjklZg9bTyigw==",
      "dependencies": [
        "@ai-sdk/provider",
        "@ai-sdk/provider-utils",
        "zod"
      ]
    },
    "@ai-sdk/provider-utils@4.0.1_zod@4.2.1": {
      "integrity": "sha512-de2v8gH9zj47tRI38oSxhQIewmNc+OZjYIOOaMoVWKL65ERSav2PYYZHPSPCrfOeLMkv+Dyh8Y0QGwkO29wMWQ==",
      "dependencies": [
        "@ai-sdk/provider",
        "@standard-schema/spec",
        "eventsource-parser",
        "zod"
      ]
    },
    "@ai-sdk/provider@3.0.0": {
      "integrity": "sha512-m9ka3ptkPQbaHHZHqDXDF9C9B5/Mav0KTdky1k2HZ3/nrW2t1AgObxIVPyGDWQNS9FXT/FS6PIoSjpcP/No8rQ==",
      "dependencies": [
        "json-schema"
      ]
    },
    "@opentelemetry/api@1.9.0": {
      "integrity": "sha512-3giAOQvZiH5F9bMlMiv8+GSPMeqg0dbaeo58/0SlA9sxSqZhnUtxzX9/2FzyhS9sWQf5S0GJE0AKBrFqjpeYcg=="
    },
    "@pgflow/dsl@0.12.0": {
      "integrity": "sha512-nN73rC1uQy0drSbd+2vRIBzwujYjEViU6Z/lZh7jqdDqlN0zvRVi1pEnYg81viNIxAFtwuC6hwmhiZ7w4LRWCQ=="
    },
    "@standard-schema/spec@1.1.0": {
      "integrity": "sha512-l2aFy5jALhniG5HgqrD6jXLi/rUWrKvqN/qJx6yoJsgKhblVd+iqqU4RCXavm/jPityDo5TCvKMnpjKnOriy0w=="
    },
    "@vercel/oidc@3.0.5": {
      "integrity": "sha512-fnYhv671l+eTTp48gB4zEsTW/YtRgRPnkI2nT7x6qw5rkI1Lq2hTmQIpHPgyThI0znLK+vX2n9XxKdXZ7BUbbw=="
    },
    "ai@6.0.3_zod@4.2.1": {
      "integrity": "sha512-OOo+/C+sEyscoLnbY3w42vjQDICioVNyS+F+ogwq6O5RJL/vgWGuiLzFwuP7oHTeni/MkmX8tIge48GTdaV7QQ==",
      "dependencies": [
        "@ai-sdk/gateway",
        "@ai-sdk/provider",
        "@ai-sdk/provider-utils",
        "@opentelemetry/api",
        "zod"
      ]
    },
    "eventsource-parser@3.0.6": {
      "integrity": "sha512-Vo1ab+QXPzZ4tCa8SwIHJFaSzy4R6SHf7BY79rFBDf0idraZWAkYrDjDj8uWaSm3S2TK+hJ7/t1CEmZ7jXw+pg=="
    },
    "json-schema@0.4.0": {
      "integrity": "sha512-es94M3nTIfsEPisRafak+HDLfHXnKBhV3vU5eqPcS3flIWqcxJWgXHXiey3YrpaNsanY5ei1VoYEbOzijuq9BA=="
    },
    "zod@4.2.1": {
      "integrity": "sha512-0wZ1IRqGGhMP76gLqz8EyfBXKk0J2qo2+H3fi4mcUP/KtTocoX08nmIAHl1Z2kJIZbZee8KOpBCSNPRgauucjw=="
    }
  },
  "workspace": {
    "dependencies": [
      "jsr:@oscar6echo/postgres@3.4.5-d",
      "jsr:@pgflow/edge-worker@0.12.0",
      "npm:@ai-sdk/openai@latest",
      "npm:@pgflow/dsl@0.12.0",
      "npm:ai@latest",
      "npm:zod@latest"
    ]
  }
}
